
Microsoft Visual Studio Solution File, Format Version 12.00
# Visual Studio Version 17
VisualStudioVersion = 17.2.32516.85
MinimumVisualStudioVersion = 10.0.40219.1
Project("{0CD2C20B-11C1-4321-8E92-CB93102A98B6}") = "InfiniteLanterns", "InfiniteLanterns\InfiniteLanterns.csproj", "{FD47025A-ABA1-45E1-9CAD-BE8620B7A053}"
EndProject
Global
	GlobalSection(SolutionConfigurationPlatforms) = preSolution
		Debug|Any CPU = Debug|Any CPU
		Release|Any CPU = Release|Any CPU
	EndGlobalSection
	GlobalSection(ProjectConfigurationPlatforms) = postSolution
		{FD47025A-ABA1-45E1-9CAD-BE8620B7A053}.Debug|Any CPU.ActiveCfg = Debug|Any CPU
		{FD47025A-ABA1-45E1-9CAD-BE8620B7A053}.Debug|Any CPU.Build.0 = Debug|Any CPU
		{FD47025A-ABA1-45E1-9CAD-BE8620B7A053}.Release|Any CPU.ActiveCfg = Release|Any CPU
		{FD47025A-ABA1-45E1-9CAD-BE8620B7A053}.Release|Any CPU.Build.0 = Release|Any CPU
	EndGlobalSection
	GlobalSection(SolutionProperties) = preSolution
		HideSolutionNode = FALSE
	EndGlobalSection
	GlobalSection(ExtensibilityGlobals) = postSolution
		SolutionGuid = {4230A519-FFC6-4A4B-9C13-CEA15EF39452}
	EndGlobalSection
EndGlobal
